// !$*UTF8*$!
{
	archiveVersion = 1;
	classes = {
	};
	objectVersion = 77;
	objects = {

/* Begin PBXBuildFile section */
		01C73F7497D77BEDBEE4D32C /* AddClientView.swift in Sources */ = {isa = PBXBuildFile; fileRef = B2ECC2CEC1D4331ACCDEB24E /* AddClientView.swift */; };
		04C09B3AAFACA6B0BE7A6DF8 /* AuthenticationView.swift in Sources */ = {isa = PBXBuildFile; fileRef = F6C2FAAF9E373A35849AC79D /* AuthenticationView.swift */; };
		0A3D3F04A13CCAA0DA325484 /* SkinInsightProApp.swift in Sources */ = {isa = PBXBuildFile; fileRef = D5821F74532CE931CA183F08 /* SkinInsightProApp.swift */; };
		15597B726EF4238573C829D6 /* NetworkService.swift in Sources */ = {isa = PBXBuildFile; fileRef = 7821CF1427D5751FFFD2A142 /* NetworkService.swift */; };
		1F0E75885412ECB2EDCCD6A1 /* SkinAnalysisInputView.swift in Sources */ = {isa = PBXBuildFile; fileRef = 615E9FBFB0C60FBD2403383F /* SkinAnalysisInputView.swift */; };
		2AFAB1D7333A1139E1BC0A42 /* ClientDetailView.swift in Sources */ = {isa = PBXBuildFile; fileRef = BCACC036FECD051B397F0353 /* ClientDetailView.swift */; };
		2B0C112428F3CA863A402409 /* ClientDashboardView.swift in Sources */ = {isa = PBXBuildFile; fileRef = 39C2F1AFC8D7341985BC93DC /* ClientDashboardView.swift */; };
		2BE23140B0F1AE0A04F781FA /* EditClientView.swift in Sources */ = {isa = PBXBuildFile; fileRef = 198EB072500C9A2B066666D9 /* EditClientView.swift */; };
		3127CD53BE99B18F0E74C65F /* SplashScreen.swift in Sources */ = {isa = PBXBuildFile; fileRef = B8DED193BE032FB2C4674890 /* SplashScreen.swift */; };
		343DFCF6A537462C05769E12 /* AnalysisDetailView.swift in Sources */ = {isa = PBXBuildFile; fileRef = 30CFC94B4A5C8CE27B7BED71 /* AnalysisDetailView.swift */; };
		348334A8C531C67F87DDF1F8 /* Models.swift in Sources */ = {isa = PBXBuildFile; fileRef = 153D7D12B94012EC783295FE /* Models.swift */; };
		43E5BAB24A71A66973900985 /* AIRulesView.swift in Sources */ = {isa = PBXBuildFile; fileRef = 6DA15425CAA55F301D0392AF /* AIRulesView.swift */; };
		47D98A743BC65F40FEA03B78 /* ProductImportView.swift in Sources */ = {isa = PBXBuildFile; fileRef = 41A453B1C86EEA2500EFCBA1 /* ProductImportView.swift */; };
		4EBB2427D90EC33A986409F6 /* Assets.xcassets in Resources */ = {isa = PBXBuildFile; fileRef = D25E0109231B05F82260E206 /* Assets.xcassets */; };
		79196D972C246E2C88A1367E /* ProductCatalogView.swift in Sources */ = {isa = PBXBuildFile; fileRef = E9FEA58CEC2E5C739E72C07D /* ProductCatalogView.swift */; };
		80F8C9DA339CC87E395D9727 /* AddProductView.swift in Sources */ = {isa = PBXBuildFile; fileRef = 82E315965DF68F10E98272F2 /* AddProductView.swift */; };
		8AE99D86C6B2DBF93B80C12D /* Assets.xcassets in Resources */ = {isa = PBXBuildFile; fileRef = 18A98890270A640B86DA35DB /* Assets.xcassets */; };
		95E3875A1DEA138F758B6FF8 /* CompareAnalysesView.swift in Sources */ = {isa = PBXBuildFile; fileRef = A963AFF4EDAD6BA828FC7C09 /* CompareAnalysesView.swift */; };
		97E2EC5EFE880BB226A085A1 /* AuthenticationManager.swift in Sources */ = {isa = PBXBuildFile; fileRef = BDF953F27608F1AE5DB2E4AA /* AuthenticationManager.swift */; };
		9C49980AEDB9815C90620A1F /* SignInWithAppleButton.swift in Sources */ = {isa = PBXBuildFile; fileRef = 73E2486C6F53FA4E888F8DCE /* SignInWithAppleButton.swift */; };
		A7A5531943F6DC7B8C6B0286 /* AppConstants.swift in Sources */ = {isa = PBXBuildFile; fileRef = 3BF84B6A422086AEAC0FF5A2 /* AppConstants.swift */; };
		AC2862EB858577BBCCB79514 /* ThemedTextField.swift in Sources */ = {isa = PBXBuildFile; fileRef = 3174563EA1C7E08545EE5046 /* ThemedTextField.swift */; };
		C0B9D5EC1AEE6C617E6091AE /* AppLogger.swift in Sources */ = {isa = PBXBuildFile; fileRef = 56FAF21605DA98E7CFB6065B /* AppLogger.swift */; };
		C380F956DB4E56A5E0BE43C6 /* SkinAnalysisResultsView.swift in Sources */ = {isa = PBXBuildFile; fileRef = 85F0F34D76D5F6C5866F40EC /* SkinAnalysisResultsView.swift */; };
		C835309C901CA8A2BB8A56CB /* ProfileView.swift in Sources */ = {isa = PBXBuildFile; fileRef = DC5B3BD9019EE8EB9401CF1A /* ProfileView.swift */; };
		E8A4DF6524292CBD849A4955 /* MainTabView.swift in Sources */ = {isa = PBXBuildFile; fileRef = 8AF8EEAB28E19F51D8CF5804 /* MainTabView.swift */; };
		F37F9E1955764D80E2912EF5 /* ThemeManager.swift in Sources */ = {isa = PBXBuildFile; fileRef = E22DC34D7496C67D134CED73 /* ThemeManager.swift */; };
/* End PBXBuildFile section */

/* Begin PBXFileReference section */
		153D7D12B94012EC783295FE /* Models.swift */ = {isa = PBXFileReference; lastKnownFileType = sourcecode.swift; path = Models.swift; sourceTree = "<group>"; };
		18A98890270A640B86DA35DB /* Assets.xcassets */ = {isa = PBXFileReference; lastKnownFileType = folder.assetcatalog; path = Assets.xcassets; sourceTree = "<group>"; };
		198EB072500C9A2B066666D9 /* EditClientView.swift */ = {isa = PBXFileReference; lastKnownFileType = sourcecode.swift; path = EditClientView.swift; sourceTree = "<group>"; };
		30CFC94B4A5C8CE27B7BED71 /* AnalysisDetailView.swift */ = {isa = PBXFileReference; lastKnownFileType = sourcecode.swift; path = AnalysisDetailView.swift; sourceTree = "<group>"; };
		3174563EA1C7E08545EE5046 /* ThemedTextField.swift */ = {isa = PBXFileReference; lastKnownFileType = sourcecode.swift; path = ThemedTextField.swift; sourceTree = "<group>"; };
		39C2F1AFC8D7341985BC93DC /* ClientDashboardView.swift */ = {isa = PBXFileReference; lastKnownFileType = sourcecode.swift; path = ClientDashboardView.swift; sourceTree = "<group>"; };
		3BF84B6A422086AEAC0FF5A2 /* AppConstants.swift */ = {isa = PBXFileReference; lastKnownFileType = sourcecode.swift; path = AppConstants.swift; sourceTree = "<group>"; };
		41A453B1C86EEA2500EFCBA1 /* ProductImportView.swift */ = {isa = PBXFileReference; lastKnownFileType = sourcecode.swift; path = ProductImportView.swift; sourceTree = "<group>"; };
		56FAF21605DA98E7CFB6065B /* AppLogger.swift */ = {isa = PBXFileReference; lastKnownFileType = sourcecode.swift; path = AppLogger.swift; sourceTree = "<group>"; };
		615E9FBFB0C60FBD2403383F /* SkinAnalysisInputView.swift */ = {isa = PBXFileReference; lastKnownFileType = sourcecode.swift; path = SkinAnalysisInputView.swift; sourceTree = "<group>"; };
		6DA15425CAA55F301D0392AF /* AIRulesView.swift */ = {isa = PBXFileReference; lastKnownFileType = sourcecode.swift; path = AIRulesView.swift; sourceTree = "<group>"; };
		73E2486C6F53FA4E888F8DCE /* SignInWithAppleButton.swift */ = {isa = PBXFileReference; lastKnownFileType = sourcecode.swift; path = SignInWithAppleButton.swift; sourceTree = "<group>"; };
		7821CF1427D5751FFFD2A142 /* NetworkService.swift */ = {isa = PBXFileReference; lastKnownFileType = sourcecode.swift; path = NetworkService.swift; sourceTree = "<group>"; };
		7E3BBE288D849926825AE0E1 /* PrivacyInfo.xcprivacy */ = {isa = PBXFileReference; path = PrivacyInfo.xcprivacy; sourceTree = "<group>"; };
		82E315965DF68F10E98272F2 /* AddProductView.swift */ = {isa = PBXFileReference; lastKnownFileType = sourcecode.swift; path = AddProductView.swift; sourceTree = "<group>"; };
		85F0F34D76D5F6C5866F40EC /* SkinAnalysisResultsView.swift */ = {isa = PBXFileReference; lastKnownFileType = sourcecode.swift; path = SkinAnalysisResultsView.swift; sourceTree = "<group>"; };
		8AF8EEAB28E19F51D8CF5804 /* MainTabView.swift */ = {isa = PBXFileReference; lastKnownFileType = sourcecode.swift; path = MainTabView.swift; sourceTree = "<group>"; };
		A963AFF4EDAD6BA828FC7C09 /* CompareAnalysesView.swift */ = {isa = PBXFileReference; lastKnownFileType = sourcecode.swift; path = CompareAnalysesView.swift; sourceTree = "<group>"; };
		B2ECC2CEC1D4331ACCDEB24E /* AddClientView.swift */ = {isa = PBXFileReference; lastKnownFileType = sourcecode.swift; path = AddClientView.swift; sourceTree = "<group>"; };
		B8DED193BE032FB2C4674890 /* SplashScreen.swift */ = {isa = PBXFileReference; lastKnownFileType = sourcecode.swift; path = SplashScreen.swift; sourceTree = "<group>"; };
		BCACC036FECD051B397F0353 /* ClientDetailView.swift */ = {isa = PBXFileReference; lastKnownFileType = sourcecode.swift; path = ClientDetailView.swift; sourceTree = "<group>"; };
		BDF953F27608F1AE5DB2E4AA /* AuthenticationManager.swift */ = {isa = PBXFileReference; lastKnownFileType = sourcecode.swift; path = AuthenticationManager.swift; sourceTree = "<group>"; };
		C2EFFA79AB6D56EF9BECC68C /* SkinInsightPro.app */ = {isa = PBXFileReference; includeInIndex = 0; lastKnownFileType = wrapper.application; path = SkinInsightPro.app; sourceTree = BUILT_PRODUCTS_DIR; };
		D25E0109231B05F82260E206 /* Assets.xcassets */ = {isa = PBXFileReference; lastKnownFileType = folder.assetcatalog; path = Assets.xcassets; sourceTree = "<group>"; };
		D5821F74532CE931CA183F08 /* SkinInsightProApp.swift */ = {isa = PBXFileReference; lastKnownFileType = sourcecode.swift; path = SkinInsightProApp.swift; sourceTree = "<group>"; };
		DC5B3BD9019EE8EB9401CF1A /* ProfileView.swift */ = {isa = PBXFileReference; lastKnownFileType = sourcecode.swift; path = ProfileView.swift; sourceTree = "<group>"; };
		E0A7871AD52950DF0B759860 /* Info.plist */ = {isa = PBXFileReference; lastKnownFileType = text.plist; path = Info.plist; sourceTree = "<group>"; };
		E22DC34D7496C67D134CED73 /* ThemeManager.swift */ = {isa = PBXFileReference; lastKnownFileType = sourcecode.swift; path = ThemeManager.swift; sourceTree = "<group>"; };
		E9FEA58CEC2E5C739E72C07D /* ProductCatalogView.swift */ = {isa = PBXFileReference; lastKnownFileType = sourcecode.swift; path = ProductCatalogView.swift; sourceTree = "<group>"; };
		EBF33D873CEAFD072AA32694 /* SkinInsightPro.entitlements */ = {isa = PBXFileReference; lastKnownFileType = text.plist.entitlements; path = SkinInsightPro.entitlements; sourceTree = "<group>"; };
		F6C2FAAF9E373A35849AC79D /* AuthenticationView.swift */ = {isa = PBXFileReference; lastKnownFileType = sourcecode.swift; path = AuthenticationView.swift; sourceTree = "<group>"; };
/* End PBXFileReference section */

/* Begin PBXGroup section */
		56321230454331215E52188B = {
			isa = PBXGroup;
			children = (
				D25E0109231B05F82260E206 /* Assets.xcassets */,
				E83884BDC6E9FA4482FA278D /* Resources */,
				FADFBF0CD875779BF3632B53 /* Sources */,
				AFA7D268F215B4B62E9EC34A /* Products */,
			);
			indentWidth = 2;
			sourceTree = "<group>";
			tabWidth = 2;
			usesTabs = 0;
		};
		AFA7D268F215B4B62E9EC34A /* Products */ = {
			isa = PBXGroup;
			children = (
				C2EFFA79AB6D56EF9BECC68C /* SkinInsightPro.app */,
			);
			name = Products;
			sourceTree = "<group>";
		};
		E83884BDC6E9FA4482FA278D /* Resources */ = {
			isa = PBXGroup;
			children = (
				7E3BBE288D849926825AE0E1 /* PrivacyInfo.xcprivacy */,
			);
			path = Resources;
			sourceTree = "<group>";
		};
		FADFBF0CD875779BF3632B53 /* Sources */ = {
			isa = PBXGroup;
			children = (
				B2ECC2CEC1D4331ACCDEB24E /* AddClientView.swift */,
				82E315965DF68F10E98272F2 /* AddProductView.swift */,
				6DA15425CAA55F301D0392AF /* AIRulesView.swift */,
				30CFC94B4A5C8CE27B7BED71 /* AnalysisDetailView.swift */,
				3BF84B6A422086AEAC0FF5A2 /* AppConstants.swift */,
				56FAF21605DA98E7CFB6065B /* AppLogger.swift */,
				18A98890270A640B86DA35DB /* Assets.xcassets */,
				BDF953F27608F1AE5DB2E4AA /* AuthenticationManager.swift */,
				F6C2FAAF9E373A35849AC79D /* AuthenticationView.swift */,
				39C2F1AFC8D7341985BC93DC /* ClientDashboardView.swift */,
				BCACC036FECD051B397F0353 /* ClientDetailView.swift */,
				A963AFF4EDAD6BA828FC7C09 /* CompareAnalysesView.swift */,
				198EB072500C9A2B066666D9 /* EditClientView.swift */,
				E0A7871AD52950DF0B759860 /* Info.plist */,
				8AF8EEAB28E19F51D8CF5804 /* MainTabView.swift */,
				153D7D12B94012EC783295FE /* Models.swift */,
				7821CF1427D5751FFFD2A142 /* NetworkService.swift */,
				E9FEA58CEC2E5C739E72C07D /* ProductCatalogView.swift */,
				41A453B1C86EEA2500EFCBA1 /* ProductImportView.swift */,
				DC5B3BD9019EE8EB9401CF1A /* ProfileView.swift */,
				73E2486C6F53FA4E888F8DCE /* SignInWithAppleButton.swift */,
				615E9FBFB0C60FBD2403383F /* SkinAnalysisInputView.swift */,
				85F0F34D76D5F6C5866F40EC /* SkinAnalysisResultsView.swift */,
				EBF33D873CEAFD072AA32694 /* SkinInsightPro.entitlements */,
				D5821F74532CE931CA183F08 /* SkinInsightProApp.swift */,
				B8DED193BE032FB2C4674890 /* SplashScreen.swift */,
				3174563EA1C7E08545EE5046 /* ThemedTextField.swift */,
				E22DC34D7496C67D134CED73 /* ThemeManager.swift */,
			);
			path = Sources;
			sourceTree = "<group>";
		};
/* End PBXGroup section */

/* Begin PBXNativeTarget section */
		8BA87A1D18CE995DE9C441A3 /* SkinInsightPro */ = {
			isa = PBXNativeTarget;
			buildConfigurationList = 9B9CA442C30C4DC392006BCF /* Build configuration list for PBXNativeTarget "SkinInsightPro" */;
			buildPhases = (
				8088A197B734D23F71C784B8 /* Sources */,
				DCBA51C52AD97379BB1FCADD /* Resources */,
			);
			buildRules = (
			);
			dependencies = (
			);
			name = SkinInsightPro;
			packageProductDependencies = (
			);
			productName = SkinInsightPro;
			productReference = C2EFFA79AB6D56EF9BECC68C /* SkinInsightPro.app */;
			productType = "com.apple.product-type.application";
		};
/* End PBXNativeTarget section */

/* Begin PBXProject section */
		B18E616F2FDC56A919D55144 /* Project object */ = {
			isa = PBXProject;
			attributes = {
				BuildIndependentTargetsInParallel = YES;
				LastUpgradeCheck = 1620;
			};
			buildConfigurationList = 1F1F2430B272729D16CD93A6 /* Build configuration list for PBXProject "SkinInsightPro" */;
			compatibilityVersion = "Xcode 14.0";
			developmentRegion = en;
			hasScannedForEncodings = 0;
			knownRegions = (
				Base,
				en,
			);
			mainGroup = 56321230454331215E52188B;
			minimizedProjectReferenceProxies = 1;
			preferredProjectObjectVersion = 77;
			projectDirPath = "";
			projectRoot = "";
			targets = (
				8BA87A1D18CE995DE9C441A3 /* SkinInsightPro */,
			);
		};
/* End PBXProject section */

/* Begin PBXResourcesBuildPhase section */
		DCBA51C52AD97379BB1FCADD /* Resources */ = {
			isa = PBXResourcesBuildPhase;
			buildActionMask = 2147483647;
			files = (
				8AE99D86C6B2DBF93B80C12D /* Assets.xcassets in Resources */,
				4EBB2427D90EC33A986409F6 /* Assets.xcassets in Resources */,
			);
			runOnlyForDeploymentPostprocessing = 0;
		};
/* End PBXResourcesBuildPhase section */

/* Begin PBXSourcesBuildPhase section */
		8088A197B734D23F71C784B8 /* Sources */ = {
			isa = PBXSourcesBuildPhase;
			buildActionMask = 2147483647;
			files = (
				43E5BAB24A71A66973900985 /* AIRulesView.swift in Sources */,
				01C73F7497D77BEDBEE4D32C /* AddClientView.swift in Sources */,
				80F8C9DA339CC87E395D9727 /* AddProductView.swift in Sources */,
				343DFCF6A537462C05769E12 /* AnalysisDetailView.swift in Sources */,
				A7A5531943F6DC7B8C6B0286 /* AppConstants.swift in Sources */,
				C0B9D5EC1AEE6C617E6091AE /* AppLogger.swift in Sources */,
				97E2EC5EFE880BB226A085A1 /* AuthenticationManager.swift in Sources */,
				04C09B3AAFACA6B0BE7A6DF8 /* AuthenticationView.swift in Sources */,
				2B0C112428F3CA863A402409 /* ClientDashboardView.swift in Sources */,
				2AFAB1D7333A1139E1BC0A42 /* ClientDetailView.swift in Sources */,
				95E3875A1DEA138F758B6FF8 /* CompareAnalysesView.swift in Sources */,
				2BE23140B0F1AE0A04F781FA /* EditClientView.swift in Sources */,
				E8A4DF6524292CBD849A4955 /* MainTabView.swift in Sources */,
				348334A8C531C67F87DDF1F8 /* Models.swift in Sources */,
				15597B726EF4238573C829D6 /* NetworkService.swift in Sources */,
				79196D972C246E2C88A1367E /* ProductCatalogView.swift in Sources */,
				47D98A743BC65F40FEA03B78 /* ProductImportView.swift in Sources */,
				C835309C901CA8A2BB8A56CB /* ProfileView.swift in Sources */,
				9C49980AEDB9815C90620A1F /* SignInWithAppleButton.swift in Sources */,
				1F0E75885412ECB2EDCCD6A1 /* SkinAnalysisInputView.swift in Sources */,
				C380F956DB4E56A5E0BE43C6 /* SkinAnalysisResultsView.swift in Sources */,
				0A3D3F04A13CCAA0DA325484 /* SkinInsightProApp.swift in Sources */,
				3127CD53BE99B18F0E74C65F /* SplashScreen.swift in Sources */,
				F37F9E1955764D80E2912EF5 /* ThemeManager.swift in Sources */,
				AC2862EB858577BBCCB79514 /* ThemedTextField.swift in Sources */,
			);
			runOnlyForDeploymentPostprocessing = 0;
		};
/* End PBXSourcesBuildPhase section */

/* Begin XCBuildConfiguration section */
		0E3D5C5F58E1A51F32A8C0CA /* Release */ = {
			isa = XCBuildConfiguration;
			buildSettings = {
				ALWAYS_SEARCH_USER_PATHS = NO;
				CLANG_ANALYZER_NONNULL = YES;
				CLANG_ANALYZER_NUMBER_OBJECT_CONVERSION = YES_AGGRESSIVE;
				CLANG_CXX_LANGUAGE_STANDARD = "gnu++14";
				CLANG_CXX_LIBRARY = "libc++";
				CLANG_ENABLE_MODULES = YES;
				CLANG_ENABLE_OBJC_ARC = YES;
				CLANG_ENABLE_OBJC_WEAK = YES;
				CLANG_WARN_BLOCK_CAPTURE_AUTORELEASING = YES;
				CLANG_WARN_BOOL_CONVERSION = YES;
				CLANG_WARN_COMMA = YES;
				CLANG_WARN_CONSTANT_CONVERSION = YES;
				CLANG_WARN_DEPRECATED_OBJC_IMPLEMENTATIONS = YES;
				CLANG_WARN_DIRECT_OBJC_ISA_USAGE = YES_ERROR;
				CLANG_WARN_DOCUMENTATION_COMMENTS = YES;
				CLANG_WARN_EMPTY_BODY = YES;
				CLANG_WARN_ENUM_CONVERSION = YES;
				CLANG_WARN_INFINITE_RECURSION = YES;
				CLANG_WARN_INT_CONVERSION = YES;
				CLANG_WARN_NON_LITERAL_NULL_CONVERSION = YES;
				CLANG_WARN_OBJC_IMPLICIT_RETAIN_SELF = YES;
				CLANG_WARN_OBJC_LITERAL_CONVERSION = YES;
				CLANG_WARN_OBJC_ROOT_CLASS = YES_ERROR;
				CLANG_WARN_QUOTED_INCLUDE_IN_FRAMEWORK_HEADER = YES;
				CLANG_WARN_RANGE_LOOP_ANALYSIS = YES;
				CLANG_WARN_STRICT_PROTOTYPES = YES;
				CLANG_WARN_SUSPICIOUS_MOVE = YES;
				CLANG_WARN_UNGUARDED_AVAILABILITY = YES_AGGRESSIVE;
				CLANG_WARN_UNREACHABLE_CODE = YES;
				CLANG_WARN__DUPLICATE_METHOD_MATCH = YES;
				COPY_PHASE_STRIP = NO;
				DEBUG_INFORMATION_FORMAT = "dwarf-with-dsym";
				ENABLE_NS_ASSERTIONS = NO;
				ENABLE_STRICT_OBJC_MSGSEND = YES;
				GCC_C_LANGUAGE_STANDARD = gnu11;
				GCC_NO_COMMON_BLOCKS = YES;
				GCC_WARN_64_TO_32_BIT_CONVERSION = YES;
				GCC_WARN_ABOUT_RETURN_TYPE = YES_ERROR;
				GCC_WARN_UNDECLARED_SELECTOR = YES;
				GCC_WARN_UNINITIALIZED_AUTOS = YES_AGGRESSIVE;
				GCC_WARN_UNUSED_FUNCTION = YES;
				GCC_WARN_UNUSED_VARIABLE = YES;
				MTL_ENABLE_DEBUG_INFO = NO;
				MTL_FAST_MATH = YES;
				PRODUCT_NAME = "$(TARGET_NAME)";
				SDKROOT = iphoneos;
				SWIFT_COMPILATION_MODE = wholemodule;
				SWIFT_OPTIMIZATION_LEVEL = "-O";
				SWIFT_VERSION = 5.0;
			};
			name = Release;
		};
		45DBD88AAFB7CA04A9849202 /* Debug */ = {
			isa = XCBuildConfiguration;
			buildSettings = {
				ALWAYS_SEARCH_USER_PATHS = NO;
				CLANG_ANALYZER_NONNULL = YES;
				CLANG_ANALYZER_NUMBER_OBJECT_CONVERSION = YES_AGGRESSIVE;
				CLANG_CXX_LANGUAGE_STANDARD = "gnu++14";
				CLANG_CXX_LIBRARY = "libc++";
				CLANG_ENABLE_MODULES = YES;
				CLANG_ENABLE_OBJC_ARC = YES;
				CLANG_ENABLE_OBJC_WEAK = YES;
				CLANG_WARN_BLOCK_CAPTURE_AUTORELEASING = YES;
				CLANG_WARN_BOOL_CONVERSION = YES;
				CLANG_WARN_COMMA = YES;
				CLANG_WARN_CONSTANT_CONVERSION = YES;
				CLANG_WARN_DEPRECATED_OBJC_IMPLEMENTATIONS = YES;
				CLANG_WARN_DIRECT_OBJC_ISA_USAGE = YES_ERROR;
				CLANG_WARN_DOCUMENTATION_COMMENTS = YES;
				CLANG_WARN_EMPTY_BODY = YES;
				CLANG_WARN_ENUM_CONVERSION = YES;
				CLANG_WARN_INFINITE_RECURSION = YES;
				CLANG_WARN_INT_CONVERSION = YES;
				CLANG_WARN_NON_LITERAL_NULL_CONVERSION = YES;
				CLANG_WARN_OBJC_IMPLICIT_RETAIN_SELF = YES;
				CLANG_WARN_OBJC_LITERAL_CONVERSION = YES;
				CLANG_WARN_OBJC_ROOT_CLASS = YES_ERROR;
				CLANG_WARN_QUOTED_INCLUDE_IN_FRAMEWORK_HEADER = YES;
				CLANG_WARN_RANGE_LOOP_ANALYSIS = YES;
				CLANG_WARN_STRICT_PROTOTYPES = YES;
				CLANG_WARN_SUSPICIOUS_MOVE = YES;
				CLANG_WARN_UNGUARDED_AVAILABILITY = YES_AGGRESSIVE;
				CLANG_WARN_UNREACHABLE_CODE = YES;
				CLANG_WARN__DUPLICATE_METHOD_MATCH = YES;
				COPY_PHASE_STRIP = NO;
				DEBUG_INFORMATION_FORMAT = dwarf;
				ENABLE_STRICT_OBJC_MSGSEND = YES;
				ENABLE_TESTABILITY = YES;
				GCC_C_LANGUAGE_STANDARD = gnu11;
				GCC_DYNAMIC_NO_PIC = NO;
				GCC_NO_COMMON_BLOCKS = YES;
				GCC_OPTIMIZATION_LEVEL = 0;
				GCC_PREPROCESSOR_DEFINITIONS = (
					"$(inherited)",
					"DEBUG=1",
				);
				GCC_WARN_64_TO_32_BIT_CONVERSION = YES;
				GCC_WARN_ABOUT_RETURN_TYPE = YES_ERROR;
				GCC_WARN_UNDECLARED_SELECTOR = YES;
				GCC_WARN_UNINITIALIZED_AUTOS = YES_AGGRESSIVE;
				GCC_WARN_UNUSED_FUNCTION = YES;
				GCC_WARN_UNUSED_VARIABLE = YES;
				MTL_ENABLE_DEBUG_INFO = INCLUDE_SOURCE;
				MTL_FAST_MATH = YES;
				ONLY_ACTIVE_ARCH = YES;
				PRODUCT_NAME = "$(TARGET_NAME)";
				SDKROOT = iphoneos;
				SWIFT_ACTIVE_COMPILATION_CONDITIONS = DEBUG;
				SWIFT_OPTIMIZATION_LEVEL = "-Onone";
				SWIFT_VERSION = 5.0;
			};
			name = Debug;
		};
		A828736D28E3CF3BA5875ADE /* Debug */ = {
			isa = XCBuildConfiguration;
			buildSettings = {
				ASSETCATALOG_COMPILER_APPICON_NAME = AppIcon;
				ASSETCATALOG_COMPILER_INCLUDE_ALL_APPICON_ASSETS = YES;
				BUNDLE_DISPLAY_NAME = "Skin Insight Pro";
				CODE_SIGN_ENTITLEMENTS = Sources/SkinInsightPro.entitlements;
				CODE_SIGN_IDENTITY = "iPhone Developer";
				CURRENT_PROJECT_VERSION = 1;
				EXECUTABLE_NAME = "$(PRODUCT_NAME)";
				INFOPLIST_FILE = Sources/Info.plist;
				INFOPLIST_KEY_PrivacyManifestPath = Resources/PrivacyInfo.xcprivacy;
				IPHONEOS_DEPLOYMENT_TARGET = 18.0;
				LD_RUNPATH_SEARCH_PATHS = (
					"$(inherited)",
					"@executable_path/Frameworks",
				);
				MARKETING_VERSION = 1.0.0;
				PRODUCT_BUNDLE_IDENTIFIER = com.dustinschaaf.skininsightpro;
				PRODUCT_NAME = SkinInsightPro;
				SDKROOT = iphoneos;
				TARGETED_DEVICE_FAMILY = "1,2";
			};
			name = Debug;
		};
		E905A95BB9C88E05CFED2E5F /* Release */ = {
			isa = XCBuildConfiguration;
			buildSettings = {
				ASSETCATALOG_COMPILER_APPICON_NAME = AppIcon;
				ASSETCATALOG_COMPILER_INCLUDE_ALL_APPICON_ASSETS = YES;
				BUNDLE_DISPLAY_NAME = "Skin Insight Pro";
				CODE_SIGN_ENTITLEMENTS = Sources/SkinInsightPro.entitlements;
				CODE_SIGN_IDENTITY = "iPhone Developer";
				CURRENT_PROJECT_VERSION = 1;
				EXECUTABLE_NAME = "$(PRODUCT_NAME)";
				INFOPLIST_FILE = Sources/Info.plist;
				INFOPLIST_KEY_PrivacyManifestPath = Resources/PrivacyInfo.xcprivacy;
				IPHONEOS_DEPLOYMENT_TARGET = 18.0;
				LD_RUNPATH_SEARCH_PATHS = (
					"$(inherited)",
					"@executable_path/Frameworks",
				);
				MARKETING_VERSION = 1.0.0;
				PRODUCT_BUNDLE_IDENTIFIER = com.dustinschaaf.skininsightpro;
				PRODUCT_NAME = SkinInsightPro;
				SDKROOT = iphoneos;
				TARGETED_DEVICE_FAMILY = "1,2";
			};
			name = Release;
		};
/* End XCBuildConfiguration section */

/* Begin XCConfigurationList section */
		1F1F2430B272729D16CD93A6 /* Build configuration list for PBXProject "SkinInsightPro" */ = {
			isa = XCConfigurationList;
			buildConfigurations = (
				45DBD88AAFB7CA04A9849202 /* Debug */,
				0E3D5C5F58E1A51F32A8C0CA /* Release */,
			);
			defaultConfigurationIsVisible = 0;
			defaultConfigurationName = Debug;
		};
		9B9CA442C30C4DC392006BCF /* Build configuration list for PBXNativeTarget "SkinInsightPro" */ = {
			isa = XCConfigurationList;
			buildConfigurations = (
				A828736D28E3CF3BA5875ADE /* Debug */,
				E905A95BB9C88E05CFED2E5F /* Release */,
			);
			defaultConfigurationIsVisible = 0;
			defaultConfigurationName = Debug;
		};
/* End XCConfigurationList section */
	};
	rootObject = B18E616F2FDC56A919D55144 /* Project object */;
}
